// !$*UTF8*$!
{
	archiveVersion = 1;
	classes = {
	};
	objectVersion = 77;
	objects = {

/* Begin PBXBuildFile section */
		459901112D7B9E12009A0F46 /* KeyboardShortcuts in Frameworks */ = {isa = PBXBuildFile; productRef = 459901102D7B9E12009A0F46 /* KeyboardShortcuts */; };
		45C65B132D7FE2FB00CD1255 /* LaunchAtLogin in Frameworks */ = {isa = PBXBuildFile; productRef = 45C65B122D7FE2FB00CD1255 /* LaunchAtLogin */; };
/* End PBXBuildFile section */

/* Begin PBXContainerItemProxy section */
		453FF2D52D7A8CA700DE7CFA /* PBXContainerItemProxy */ = {
			isa = PBXContainerItemProxy;
			containerPortal = 453FF2BB2D7A8CA600DE7CFA /* Project object */;
			proxyType = 1;
			remoteGlobalIDString = 453FF2C22D7A8CA600DE7CFA;
			remoteInfo = Penguin;
		};
		453FF2DF2D7A8CA700DE7CFA /* PBXContainerItemProxy */ = {
			isa = PBXContainerItemProxy;
			containerPortal = 453FF2BB2D7A8CA600DE7CFA /* Project object */;
			proxyType = 1;
			remoteGlobalIDString = 453FF2C22D7A8CA600DE7CFA;
			remoteInfo = Penguin;
		};
/* End PBXContainerItemProxy section */

/* Begin PBXFileReference section */
		453FF2C32D7A8CA600DE7CFA /* Penguin.app */ = {isa = PBXFileReference; explicitFileType = wrapper.application; includeInIndex = 0; path = Penguin.app; sourceTree = BUILT_PRODUCTS_DIR; };
		453FF2D42D7A8CA700DE7CFA /* PenguinTests.xctest */ = {isa = PBXFileReference; explicitFileType = wrapper.cfbundle; includeInIndex = 0; path = PenguinTests.xctest; sourceTree = BUILT_PRODUCTS_DIR; };
		453FF2DE2D7A8CA700DE7CFA /* PenguinUITests.xctest */ = {isa = PBXFileReference; explicitFileType = wrapper.cfbundle; includeInIndex = 0; path = PenguinUITests.xctest; sourceTree = BUILT_PRODUCTS_DIR; };
/* End PBXFileReference section */

/* Begin PBXFileSystemSynchronizedRootGroup section */
		453FF2C52D7A8CA600DE7CFA /* Penguin */ = {
			isa = PBXFileSystemSynchronizedRootGroup;
			path = Penguin;
			sourceTree = "<group>";
		};
		453FF2D72D7A8CA700DE7CFA /* PenguinTests */ = {
			isa = PBXFileSystemSynchronizedRootGroup;
			path = PenguinTests;
			sourceTree = "<group>";
		};
		453FF2E12D7A8CA700DE7CFA /* PenguinUITests */ = {
			isa = PBXFileSystemSynchronizedRootGroup;
			path = PenguinUITests;
			sourceTree = "<group>";
		};
/* End PBXFileSystemSynchronizedRootGroup section */

/* Begin PBXFrameworksBuildPhase section */
		453FF2C02D7A8CA600DE7CFA /* Frameworks */ = {
			isa = PBXFrameworksBuildPhase;
			buildActionMask = 2147483647;
			files = (
				45C65B132D7FE2FB00CD1255 /* LaunchAtLogin in Frameworks */,
				459901112D7B9E12009A0F46 /* KeyboardShortcuts in Frameworks */,
			);
			runOnlyForDeploymentPostprocessing = 0;
		};
		453FF2D12D7A8CA700DE7CFA /* Frameworks */ = {
			isa = PBXFrameworksBuildPhase;
			buildActionMask = 2147483647;
			files = (
			);
			runOnlyForDeploymentPostprocessing = 0;
		};
		453FF2DB2D7A8CA700DE7CFA /* Frameworks */ = {
			isa = PBXFrameworksBuildPhase;
			buildActionMask = 2147483647;
			files = (
			);
			runOnlyForDeploymentPostprocessing = 0;
		};
/* End PBXFrameworksBuildPhase section */

/* Begin PBXGroup section */
		453FF2BA2D7A8CA600DE7CFA = {
			isa = PBXGroup;
			children = (
				453FF2C52D7A8CA600DE7CFA /* Penguin */,
				453FF2D72D7A8CA700DE7CFA /* PenguinTests */,
				453FF2E12D7A8CA700DE7CFA /* PenguinUITests */,
				453FF2C42D7A8CA600DE7CFA /* Products */,
			);
			sourceTree = "<group>";
		};
		453FF2C42D7A8CA600DE7CFA /* Products */ = {
			isa = PBXGroup;
			children = (
				453FF2C32D7A8CA600DE7CFA /* Penguin.app */,
				453FF2D42D7A8CA700DE7CFA /* PenguinTests.xctest */,
				453FF2DE2D7A8CA700DE7CFA /* PenguinUITests.xctest */,
			);
			name = Products;
			sourceTree = "<group>";
		};
/* End PBXGroup section */

/* Begin PBXNativeTarget section */
		453FF2C22D7A8CA600DE7CFA /* Penguin */ = {
			isa = PBXNativeTarget;
			buildConfigurationList = 453FF2E82D7A8CA700DE7CFA /* Build configuration list for PBXNativeTarget "Penguin" */;
			buildPhases = (
				453FF2BF2D7A8CA600DE7CFA /* Sources */,
				453FF2C02D7A8CA600DE7CFA /* Frameworks */,
				453FF2C12D7A8CA600DE7CFA /* Resources */,
			);
			buildRules = (
			);
			dependencies = (
			);
			fileSystemSynchronizedGroups = (
				453FF2C52D7A8CA600DE7CFA /* Penguin */,
			);
			name = Penguin;
			packageProductDependencies = (
				459901102D7B9E12009A0F46 /* KeyboardShortcuts */,
				45C65B122D7FE2FB00CD1255 /* LaunchAtLogin */,
			);
			productName = Penguin;
			productReference = 453FF2C32D7A8CA600DE7CFA /* Penguin.app */;
			productType = "com.apple.product-type.application";
		};
		453FF2D32D7A8CA700DE7CFA /* PenguinTests */ = {
			isa = PBXNativeTarget;
			buildConfigurationList = 453FF2EB2D7A8CA700DE7CFA /* Build configuration list for PBXNativeTarget "PenguinTests" */;
			buildPhases = (
				453FF2D02D7A8CA700DE7CFA /* Sources */,
				453FF2D12D7A8CA700DE7CFA /* Frameworks */,
				453FF2D22D7A8CA700DE7CFA /* Resources */,
			);
			buildRules = (
			);
			dependencies = (
				453FF2D62D7A8CA700DE7CFA /* PBXTargetDependency */,
			);
			fileSystemSynchronizedGroups = (
				453FF2D72D7A8CA700DE7CFA /* PenguinTests */,
			);
			name = PenguinTests;
			packageProductDependencies = (
			);
			productName = PenguinTests;
			productReference = 453FF2D42D7A8CA700DE7CFA /* PenguinTests.xctest */;
			productType = "com.apple.product-type.bundle.unit-test";
		};
		453FF2DD2D7A8CA700DE7CFA /* PenguinUITests */ = {
			isa = PBXNativeTarget;
			buildConfigurationList = 453FF2EE2D7A8CA700DE7CFA /* Build configuration list for PBXNativeTarget "PenguinUITests" */;
			buildPhases = (
				453FF2DA2D7A8CA700DE7CFA /* Sources */,
				453FF2DB2D7A8CA700DE7CFA /* Frameworks */,
				453FF2DC2D7A8CA700DE7CFA /* Resources */,
			);
			buildRules = (
			);
			dependencies = (
				453FF2E02D7A8CA700DE7CFA /* PBXTargetDependency */,
			);
			fileSystemSynchronizedGroups = (
				453FF2E12D7A8CA700DE7CFA /* PenguinUITests */,
			);
			name = PenguinUITests;
			packageProductDependencies = (
			);
			productName = PenguinUITests;
			productReference = 453FF2DE2D7A8CA700DE7CFA /* PenguinUITests.xctest */;
			productType = "com.apple.product-type.bundle.ui-testing";
		};
/* End PBXNativeTarget section */

/* Begin PBXProject section */
		453FF2BB2D7A8CA600DE7CFA /* Project object */ = {
			isa = PBXProject;
			attributes = {
				BuildIndependentTargetsInParallel = 1;
				LastSwiftUpdateCheck = 1610;
				LastUpgradeCheck = 1610;
				TargetAttributes = {
					453FF2C22D7A8CA600DE7CFA = {
						CreatedOnToolsVersion = 16.1;
					};
					453FF2D32D7A8CA700DE7CFA = {
						CreatedOnToolsVersion = 16.1;
						TestTargetID = 453FF2C22D7A8CA600DE7CFA;
					};
					453FF2DD2D7A8CA700DE7CFA = {
						CreatedOnToolsVersion = 16.1;
						TestTargetID = 453FF2C22D7A8CA600DE7CFA;
					};
				};
			};
			buildConfigurationList = 453FF2BE2D7A8CA600DE7CFA /* Build configuration list for PBXProject "Penguin" */;
			developmentRegion = en;
			hasScannedForEncodings = 0;
			knownRegions = (
				en,
				Base,
			);
			mainGroup = 453FF2BA2D7A8CA600DE7CFA;
			minimizedProjectReferenceProxies = 1;
			packageReferences = (
				45311F802D7ADBA7002B1257 /* XCRemoteSwiftPackageReference "KeyboardShortcuts" */,
				45311F812D7ADC21002B1257 /* XCRemoteSwiftPackageReference "HotKey" */,
				45C65B112D7FE2FB00CD1255 /* XCRemoteSwiftPackageReference "LaunchAtLogin-Modern" */,
			);
			preferredProjectObjectVersion = 77;
			productRefGroup = 453FF2C42D7A8CA600DE7CFA /* Products */;
			projectDirPath = "";
			projectRoot = "";
			targets = (
				453FF2C22D7A8CA600DE7CFA /* Penguin */,
				453FF2D32D7A8CA700DE7CFA /* PenguinTests */,
				453FF2DD2D7A8CA700DE7CFA /* PenguinUITests */,
			);
		};
/* End PBXProject section */

/* Begin PBXResourcesBuildPhase section */
		453FF2C12D7A8CA600DE7CFA /* Resources */ = {
			isa = PBXResourcesBuildPhase;
			buildActionMask = 2147483647;
			files = (
			);
			runOnlyForDeploymentPostprocessing = 0;
		};
		453FF2D22D7A8CA700DE7CFA /* Resources */ = {
			isa = PBXResourcesBuildPhase;
			buildActionMask = 2147483647;
			files = (
			);
			runOnlyForDeploymentPostprocessing = 0;
		};
		453FF2DC2D7A8CA700DE7CFA /* Resources */ = {
			isa = PBXResourcesBuildPhase;
			buildActionMask = 2147483647;
			files = (
			);
			runOnlyForDeploymentPostprocessing = 0;
		};
/* End PBXResourcesBuildPhase section */

/* Begin PBXSourcesBuildPhase section */
		453FF2BF2D7A8CA600DE7CFA /* Sources */ = {
			isa = PBXSourcesBuildPhase;
			buildActionMask = 2147483647;
			files = (
			);
			runOnlyForDeploymentPostprocessing = 0;
		};
		453FF2D02D7A8CA700DE7CFA /* Sources */ = {
			isa = PBXSourcesBuildPhase;
			buildActionMask = 2147483647;
			files = (
			);
			runOnlyForDeploymentPostprocessing = 0;
		};
		453FF2DA2D7A8CA700DE7CFA /* Sources */ = {
			isa = PBXSourcesBuildPhase;
			buildActionMask = 2147483647;
			files = (
			);
			runOnlyForDeploymentPostprocessing = 0;
		};
/* End PBXSourcesBuildPhase section */

/* Begin PBXTargetDependency section */
		453FF2D62D7A8CA700DE7CFA /* PBXTargetDependency */ = {
			isa = PBXTargetDependency;
			target = 453FF2C22D7A8CA600DE7CFA /* Penguin */;
			targetProxy = 453FF2D52D7A8CA700DE7CFA /* PBXContainerItemProxy */;
		};
		453FF2E02D7A8CA700DE7CFA /* PBXTargetDependency */ = {
			isa = PBXTargetDependency;
			target = 453FF2C22D7A8CA600DE7CFA /* Penguin */;
			targetProxy = 453FF2DF2D7A8CA700DE7CFA /* PBXContainerItemProxy */;
		};
/* End PBXTargetDependency section */

/* Begin XCBuildConfiguration section */
		453FF2E62D7A8CA700DE7CFA /* Debug */ = {
			isa = XCBuildConfiguration;
			buildSettings = {
				ALWAYS_SEARCH_USER_PATHS = NO;
				ASSETCATALOG_COMPILER_GENERATE_SWIFT_ASSET_SYMBOL_EXTENSIONS = YES;
				CLANG_ANALYZER_NONNULL = YES;
				CLANG_ANALYZER_NUMBER_OBJECT_CONVERSION = YES_AGGRESSIVE;
				CLANG_CXX_LANGUAGE_STANDARD = "gnu++20";
				CLANG_ENABLE_MODULES = YES;
				CLANG_ENABLE_OBJC_ARC = YES;
				CLANG_ENABLE_OBJC_WEAK = YES;
				CLANG_WARN_BLOCK_CAPTURE_AUTORELEASING = YES;
				CLANG_WARN_BOOL_CONVERSION = YES;
				CLANG_WARN_COMMA = YES;
				CLANG_WARN_CONSTANT_CONVERSION = YES;
				CLANG_WARN_DEPRECATED_OBJC_IMPLEMENTATIONS = YES;
				CLANG_WARN_DIRECT_OBJC_ISA_USAGE = YES_ERROR;
				CLANG_WARN_DOCUMENTATION_COMMENTS = YES;
				CLANG_WARN_EMPTY_BODY = YES;
				CLANG_WARN_ENUM_CONVERSION = YES;
				CLANG_WARN_INFINITE_RECURSION = YES;
				CLANG_WARN_INT_CONVERSION = YES;
				CLANG_WARN_NON_LITERAL_NULL_CONVERSION = YES;
				CLANG_WARN_OBJC_IMPLICIT_RETAIN_SELF = YES;
				CLANG_WARN_OBJC_LITERAL_CONVERSION = YES;
				CLANG_WARN_OBJC_ROOT_CLASS = YES_ERROR;
				CLANG_WARN_QUOTED_INCLUDE_IN_FRAMEWORK_HEADER = YES;
				CLANG_WARN_RANGE_LOOP_ANALYSIS = YES;
				CLANG_WARN_STRICT_PROTOTYPES = YES;
				CLANG_WARN_SUSPICIOUS_MOVE = YES;
				CLANG_WARN_UNGUARDED_AVAILABILITY = YES_AGGRESSIVE;
				CLANG_WARN_UNREACHABLE_CODE = YES;
				CLANG_WARN__DUPLICATE_METHOD_MATCH = YES;
				COPY_PHASE_STRIP = NO;
				DEBUG_INFORMATION_FORMAT = dwarf;
				ENABLE_STRICT_OBJC_MSGSEND = YES;
				ENABLE_TESTABILITY = YES;
				ENABLE_USER_SCRIPT_SANDBOXING = YES;
				GCC_C_LANGUAGE_STANDARD = gnu17;
				GCC_DYNAMIC_NO_PIC = NO;
				GCC_NO_COMMON_BLOCKS = YES;
				GCC_OPTIMIZATION_LEVEL = 0;
				GCC_PREPROCESSOR_DEFINITIONS = (
					"DEBUG=1",
					"$(inherited)",
				);
				GCC_WARN_64_TO_32_BIT_CONVERSION = YES;
				GCC_WARN_ABOUT_RETURN_TYPE = YES_ERROR;
				GCC_WARN_UNDECLARED_SELECTOR = YES;
				GCC_WARN_UNINITIALIZED_AUTOS = YES_AGGRESSIVE;
				GCC_WARN_UNUSED_FUNCTION = YES;
				GCC_WARN_UNUSED_VARIABLE = YES;
				LOCALIZATION_PREFERS_STRING_CATALOGS = YES;
				MACOSX_DEPLOYMENT_TARGET = 15.1;
				MTL_ENABLE_DEBUG_INFO = INCLUDE_SOURCE;
				MTL_FAST_MATH = YES;
				ONLY_ACTIVE_ARCH = YES;
				SDKROOT = macosx;
				SWIFT_ACTIVE_COMPILATION_CONDITIONS = "DEBUG $(inherited)";
				SWIFT_OPTIMIZATION_LEVEL = "-Onone";
			};
			name = Debug;
		};
		453FF2E72D7A8CA700DE7CFA /* Release */ = {
			isa = XCBuildConfiguration;
			buildSettings = {
				ALWAYS_SEARCH_USER_PATHS = NO;
				ASSETCATALOG_COMPILER_GENERATE_SWIFT_ASSET_SYMBOL_EXTENSIONS = YES;
				CLANG_ANALYZER_NONNULL = YES;
				CLANG_ANALYZER_NUMBER_OBJECT_CONVERSION = YES_AGGRESSIVE;
				CLANG_CXX_LANGUAGE_STANDARD = "gnu++20";
				CLANG_ENABLE_MODULES = YES;
				CLANG_ENABLE_OBJC_ARC = YES;
				CLANG_ENABLE_OBJC_WEAK = YES;
				CLANG_WARN_BLOCK_CAPTURE_AUTORELEASING = YES;
				CLANG_WARN_BOOL_CONVERSION = YES;
				CLANG_WARN_COMMA = YES;
				CLANG_WARN_CONSTANT_CONVERSION = YES;
				CLANG_WARN_DEPRECATED_OBJC_IMPLEMENTATIONS = YES;
				CLANG_WARN_DIRECT_OBJC_ISA_USAGE = YES_ERROR;
				CLANG_WARN_DOCUMENTATION_COMMENTS = YES;
				CLANG_WARN_EMPTY_BODY = YES;
				CLANG_WARN_ENUM_CONVERSION = YES;
				CLANG_WARN_INFINITE_RECURSION = YES;
				CLANG_WARN_INT_CONVERSION = YES;
				CLANG_WARN_NON_LITERAL_NULL_CONVERSION = YES;
				CLANG_WARN_OBJC_IMPLICIT_RETAIN_SELF = YES;
				CLANG_WARN_OBJC_LITERAL_CONVERSION = YES;
				CLANG_WARN_OBJC_ROOT_CLASS = YES_ERROR;
				CLANG_WARN_QUOTED_INCLUDE_IN_FRAMEWORK_HEADER = YES;
				CLANG_WARN_RANGE_LOOP_ANALYSIS = YES;
				CLANG_WARN_STRICT_PROTOTYPES = YES;
				CLANG_WARN_SUSPICIOUS_MOVE = YES;
				CLANG_WARN_UNGUARDED_AVAILABILITY = YES_AGGRESSIVE;
				CLANG_WARN_UNREACHABLE_CODE = YES;
				CLANG_WARN__DUPLICATE_METHOD_MATCH = YES;
				COPY_PHASE_STRIP = NO;
				DEBUG_INFORMATION_FORMAT = "dwarf-with-dsym";
				ENABLE_NS_ASSERTIONS = NO;
				ENABLE_STRICT_OBJC_MSGSEND = YES;
				ENABLE_USER_SCRIPT_SANDBOXING = YES;
				GCC_C_LANGUAGE_STANDARD = gnu17;
				GCC_NO_COMMON_BLOCKS = YES;
				GCC_WARN_64_TO_32_BIT_CONVERSION = YES;
				GCC_WARN_ABOUT_RETURN_TYPE = YES_ERROR;
				GCC_WARN_UNDECLARED_SELECTOR = YES;
				GCC_WARN_UNINITIALIZED_AUTOS = YES_AGGRESSIVE;
				GCC_WARN_UNUSED_FUNCTION = YES;
				GCC_WARN_UNUSED_VARIABLE = YES;
				LOCALIZATION_PREFERS_STRING_CATALOGS = YES;
				MACOSX_DEPLOYMENT_TARGET = 15.1;
				MTL_ENABLE_DEBUG_INFO = NO;
				MTL_FAST_MATH = YES;
				SDKROOT = macosx;
				SWIFT_COMPILATION_MODE = wholemodule;
			};
			name = Release;
		};
		453FF2E92D7A8CA700DE7CFA /* Debug */ = {
			isa = XCBuildConfiguration;
			buildSettings = {
				ASSETCATALOG_COMPILER_APPICON_NAME = AppIcon;
				ASSETCATALOG_COMPILER_GLOBAL_ACCENT_COLOR_NAME = AccentColor;
				ASSETCATALOG_COMPILER_INCLUDE_ALL_APPICON_ASSETS = YES;
				CODE_SIGN_ENTITLEMENTS = Penguin/Penguin.entitlements;
				CODE_SIGN_STYLE = Automatic;
				COMBINE_HIDPI_IMAGES = YES;
				CURRENT_PROJECT_VERSION = 1;
				DEVELOPMENT_ASSET_PATHS = "\"Penguin/Preview Content\"";
				ENABLE_PREVIEWS = YES;
				GENERATE_INFOPLIST_FILE = YES;
				INFOPLIST_KEY_LSApplicationCategoryType = "public.app-category.productivity";
				INFOPLIST_KEY_LSUIElement = YES;
				INFOPLIST_KEY_NSHumanReadableCopyright = "";
				LD_RUNPATH_SEARCH_PATHS = (
					"$(inherited)",
					"@executable_path/../Frameworks",
				);
				MARKETING_VERSION = 1.0;
				PRODUCT_BUNDLE_IDENTIFIER = com.mqh.penguin;
				PRODUCT_NAME = "$(TARGET_NAME)";
				SWIFT_EMIT_LOC_STRINGS = YES;
				SWIFT_VERSION = 5.0;
			};
			name = Debug;
		};
		453FF2EA2D7A8CA700DE7CFA /* Release */ = {
			isa = XCBuildConfiguration;
			buildSettings = {
				ASSETCATALOG_COMPILER_APPICON_NAME = AppIcon;
				ASSETCATALOG_COMPILER_GLOBAL_ACCENT_COLOR_NAME = AccentColor;
				ASSETCATALOG_COMPILER_INCLUDE_ALL_APPICON_ASSETS = YES;
				CODE_SIGN_ENTITLEMENTS = Penguin/Penguin.entitlements;
				CODE_SIGN_STYLE = Automatic;
				COMBINE_HIDPI_IMAGES = YES;
				CURRENT_PROJECT_VERSION = 1;
				DEVELOPMENT_ASSET_PATHS = "\"Penguin/Preview Content\"";
				ENABLE_PREVIEWS = YES;
				GENERATE_INFOPLIST_FILE = YES;
				INFOPLIST_KEY_LSApplicationCategoryType = "public.app-category.productivity";
				INFOPLIST_KEY_LSUIElement = YES;
				INFOPLIST_KEY_NSHumanReadableCopyright = "";
				LD_RUNPATH_SEARCH_PATHS = (
					"$(inherited)",
					"@executable_path/../Frameworks",
				);
				MARKETING_VERSION = 1.0;
				PRODUCT_BUNDLE_IDENTIFIER = com.mqh.penguin;
				PRODUCT_NAME = "$(TARGET_NAME)";
				SWIFT_EMIT_LOC_STRINGS = YES;
				SWIFT_VERSION = 5.0;
			};
			name = Release;
		};
		453FF2EC2D7A8CA700DE7CFA /* Debug */ = {
			isa = XCBuildConfiguration;
			buildSettings = {
				BUNDLE_LOADER = "$(TEST_HOST)";
				CODE_SIGN_STYLE = Automatic;
				CURRENT_PROJECT_VERSION = 1;
				GENERATE_INFOPLIST_FILE = YES;
				MACOSX_DEPLOYMENT_TARGET = 15.1;
				MARKETING_VERSION = 1.0;
				PRODUCT_BUNDLE_IDENTIFIER = com.mqh.PenguinTests;
				PRODUCT_NAME = "$(TARGET_NAME)";
				SWIFT_EMIT_LOC_STRINGS = NO;
				SWIFT_VERSION = 5.0;
				TEST_HOST = "$(BUILT_PRODUCTS_DIR)/Penguin.app/$(BUNDLE_EXECUTABLE_FOLDER_PATH)/Penguin";
			};
			name = Debug;
		};
		453FF2ED2D7A8CA700DE7CFA /* Release */ = {
			isa = XCBuildConfiguration;
			buildSettings = {
				BUNDLE_LOADER = "$(TEST_HOST)";
				CODE_SIGN_STYLE = Automatic;
				CURRENT_PROJECT_VERSION = 1;
				GENERATE_INFOPLIST_FILE = YES;
				MACOSX_DEPLOYMENT_TARGET = 15.1;
				MARKETING_VERSION = 1.0;
				PRODUCT_BUNDLE_IDENTIFIER = com.mqh.PenguinTests;
				PRODUCT_NAME = "$(TARGET_NAME)";
				SWIFT_EMIT_LOC_STRINGS = NO;
				SWIFT_VERSION = 5.0;
				TEST_HOST = "$(BUILT_PRODUCTS_DIR)/Penguin.app/$(BUNDLE_EXECUTABLE_FOLDER_PATH)/Penguin";
			};
			name = Release;
		};
		453FF2EF2D7A8CA700DE7CFA /* Debug */ = {
			isa = XCBuildConfiguration;
			buildSettings = {
				CODE_SIGN_STYLE = Automatic;
				CURRENT_PROJECT_VERSION = 1;
				GENERATE_INFOPLIST_FILE = YES;
				MARKETING_VERSION = 1.0;
				PRODUCT_BUNDLE_IDENTIFIER = com.mqh.PenguinUITests;
				PRODUCT_NAME = "$(TARGET_NAME)";
				SWIFT_EMIT_LOC_STRINGS = NO;
				SWIFT_VERSION = 5.0;
				TEST_TARGET_NAME = Penguin;
			};
			name = Debug;
		};
		453FF2F02D7A8CA700DE7CFA /* Release */ = {
			isa = XCBuildConfiguration;
			buildSettings = {
				CODE_SIGN_STYLE = Automatic;
				CURRENT_PROJECT_VERSION = 1;
				GENERATE_INFOPLIST_FILE = YES;
				MARKETING_VERSION = 1.0;
				PRODUCT_BUNDLE_IDENTIFIER = com.mqh.PenguinUITests;
				PRODUCT_NAME = "$(TARGET_NAME)";
				SWIFT_EMIT_LOC_STRINGS = NO;
				SWIFT_VERSION = 5.0;
				TEST_TARGET_NAME = Penguin;
			};
			name = Release;
		};
/* End XCBuildConfiguration section */

/* Begin XCConfigurationList section */
		453FF2BE2D7A8CA600DE7CFA /* Build configuration list for PBXProject "Penguin" */ = {
			isa = XCConfigurationList;
			buildConfigurations = (
				453FF2E62D7A8CA700DE7CFA /* Debug */,
				453FF2E72D7A8CA700DE7CFA /* Release */,
			);
			defaultConfigurationIsVisible = 0;
			defaultConfigurationName = Release;
		};
		453FF2E82D7A8CA700DE7CFA /* Build configuration list for PBXNativeTarget "Penguin" */ = {
			isa = XCConfigurationList;
			buildConfigurations = (
				453FF2E92D7A8CA700DE7CFA /* Debug */,
				453FF2EA2D7A8CA700DE7CFA /* Release */,
			);
			defaultConfigurationIsVisible = 0;
			defaultConfigurationName = Release;
		};
		453FF2EB2D7A8CA700DE7CFA /* Build configuration list for PBXNativeTarget "PenguinTests" */ = {
			isa = XCConfigurationList;
			buildConfigurations = (
				453FF2EC2D7A8CA700DE7CFA /* Debug */,
				453FF2ED2D7A8CA700DE7CFA /* Release */,
			);
			defaultConfigurationIsVisible = 0;
			defaultConfigurationName = Release;
		};
		453FF2EE2D7A8CA700DE7CFA /* Build configuration list for PBXNativeTarget "PenguinUITests" */ = {
			isa = XCConfigurationList;
			buildConfigurations = (
				453FF2EF2D7A8CA700DE7CFA /* Debug */,
				453FF2F02D7A8CA700DE7CFA /* Release */,
			);
			defaultConfigurationIsVisible = 0;
			defaultConfigurationName = Release;
		};
/* End XCConfigurationList section */

/* Begin XCRemoteSwiftPackageReference section */
		45311F802D7ADBA7002B1257 /* XCRemoteSwiftPackageReference "KeyboardShortcuts" */ = {
			isa = XCRemoteSwiftPackageReference;
			repositoryURL = "https://github.com/sindresorhus/KeyboardShortcuts";
			requirement = {
				kind = upToNextMajorVersion;
				minimumVersion = 1.0.0;
			};
		};
		45311F812D7ADC21002B1257 /* XCRemoteSwiftPackageReference "HotKey" */ = {
			isa = XCRemoteSwiftPackageReference;
			repositoryURL = "https://github.com/soffes/HotKey";
			requirement = {
				branch = main;
				kind = branch;
			};
		};
		45C65B112D7FE2FB00CD1255 /* XCRemoteSwiftPackageReference "LaunchAtLogin-Modern" */ = {
			isa = XCRemoteSwiftPackageReference;
			repositoryURL = "https://github.com/sindresorhus/LaunchAtLogin-Modern";
			requirement = {
				kind = upToNextMajorVersion;
				minimumVersion = 1.0.0;
			};
		};
/* End XCRemoteSwiftPackageReference section */

/* Begin XCSwiftPackageProductDependency section */
		459901102D7B9E12009A0F46 /* KeyboardShortcuts */ = {
			isa = XCSwiftPackageProductDependency;
			package = 45311F802D7ADBA7002B1257 /* XCRemoteSwiftPackageReference "KeyboardShortcuts" */;
			productName = KeyboardShortcuts;
		};
		45C65B122D7FE2FB00CD1255 /* LaunchAtLogin */ = {
			isa = XCSwiftPackageProductDependency;
			package = 45C65B112D7FE2FB00CD1255 /* XCRemoteSwiftPackageReference "LaunchAtLogin-Modern" */;
			productName = LaunchAtLogin;
		};
/* End XCSwiftPackageProductDependency section */
	};
	rootObject = 453FF2BB2D7A8CA600DE7CFA /* Project object */;
}
